
Microsoft Visual Studio Solution File, Format Version 12.00
# Visual Studio 15
VisualStudioVersion = 15.0.26430.14
MinimumVisualStudioVersion = 10.0.40219.1
Project("{FAE04EC0-301F-11D3-BF4B-00C04F79EFBC}") = "XDynamicLib", "src\XDynamicLib\XDynamicLib.csproj", "{B6E063E5-2B94-4C11-B77F-A5809E0D93CF}"
EndProject
Project("{FAE04EC0-301F-11D3-BF4B-00C04F79EFBC}") = "XDynamicLib.Fx", "src\XDynamicLib.Fx\XDynamicLib.Fx.csproj", "{C28DAC12-DBCE-45CA-A149-8D9BA24A0224}"
EndProject
Global
	GlobalSection(SolutionConfigurationPlatforms) = preSolution
		Debug|Any CPU = Debug|Any CPU
		Release|Any CPU = Release|Any CPU
	EndGlobalSection
	GlobalSection(ProjectConfigurationPlatforms) = postSolution
		{B6E063E5-2B94-4C11-B77F-A5809E0D93CF}.Debug|Any CPU.ActiveCfg = Debug|Any CPU
		{B6E063E5-2B94-4C11-B77F-A5809E0D93CF}.Debug|Any CPU.Build.0 = Debug|Any CPU
		{B6E063E5-2B94-4C11-B77F-A5809E0D93CF}.Release|Any CPU.ActiveCfg = Release|Any CPU
		{B6E063E5-2B94-4C11-B77F-A5809E0D93CF}.Release|Any CPU.Build.0 = Release|Any CPU
		{C28DAC12-DBCE-45CA-A149-8D9BA24A0224}.Debug|Any CPU.ActiveCfg = Debug|Any CPU
		{C28DAC12-DBCE-45CA-A149-8D9BA24A0224}.Debug|Any CPU.Build.0 = Debug|Any CPU
		{C28DAC12-DBCE-45CA-A149-8D9BA24A0224}.Release|Any CPU.ActiveCfg = Release|Any CPU
		{C28DAC12-DBCE-45CA-A149-8D9BA24A0224}.Release|Any CPU.Build.0 = Release|Any CPU
	EndGlobalSection
	GlobalSection(SolutionProperties) = preSolution
		HideSolutionNode = FALSE
	EndGlobalSection
EndGlobal
